
Microsoft Visual Studio Solution File, Format Version 12.00
# Visual Studio Version 16
VisualStudioVersion = 16.0.30621.155
MinimumVisualStudioVersion = 10.0.40219.1
Project("{9A19103F-16F7-4668-BE54-9A1E7A4F7556}") = "Studying-Csharp", "Studying-Csharp.csproj", "{1EE9B6A0-498E-441D-A13E-7C43523C942F}"
EndProject
Project("{FAE04EC0-301F-11D3-BF4B-00C04F79EFBC}") = "Studying-CsharpTests", "..\Studying-CsharpTests\Studying-CsharpTests.csproj", "{1CCFA189-C886-4A87-BC6B-10CD08C4B34A}"
EndProject
Global
	GlobalSection(SolutionConfigurationPlatforms) = preSolution
		Debug|Any CPU = Debug|Any CPU
		Release|Any CPU = Release|Any CPU
	EndGlobalSection
	GlobalSection(ProjectConfigurationPlatforms) = postSolution
		{1EE9B6A0-498E-441D-A13E-7C43523C942F}.Debug|Any CPU.ActiveCfg = Debug|Any CPU
		{1EE9B6A0-498E-441D-A13E-7C43523C942F}.Debug|Any CPU.Build.0 = Debug|Any CPU
		{1EE9B6A0-498E-441D-A13E-7C43523C942F}.Release|Any CPU.ActiveCfg = Release|Any CPU
		{1EE9B6A0-498E-441D-A13E-7C43523C942F}.Release|Any CPU.Build.0 = Release|Any CPU
		{1CCFA189-C886-4A87-BC6B-10CD08C4B34A}.Debug|Any CPU.ActiveCfg = Debug|Any CPU
		{1CCFA189-C886-4A87-BC6B-10CD08C4B34A}.Debug|Any CPU.Build.0 = Debug|Any CPU
		{1CCFA189-C886-4A87-BC6B-10CD08C4B34A}.Release|Any CPU.ActiveCfg = Release|Any CPU
		{1CCFA189-C886-4A87-BC6B-10CD08C4B34A}.Release|Any CPU.Build.0 = Release|Any CPU
	EndGlobalSection
	GlobalSection(SolutionProperties) = preSolution
		HideSolutionNode = FALSE
	EndGlobalSection
	GlobalSection(ExtensibilityGlobals) = postSolution
		SolutionGuid = {DE904A8F-4B4C-4143-840C-DC20A8D7A673}
	EndGlobalSection
EndGlobal
