
Microsoft Visual Studio Solution File, Format Version 12.00
# Visual Studio Version 16
VisualStudioVersion = 16.0.30621.155
MinimumVisualStudioVersion = 10.0.40219.1
Project("{9A19103F-16F7-4668-BE54-9A1E7A4F7556}") = "Studying-CsharpTests", "Studying-CsharpTests\Studying-CsharpTests.csproj", "{9541B0DC-7D29-4C72-8C38-9DDE0B207B4F}"
EndProject
Project("{9A19103F-16F7-4668-BE54-9A1E7A4F7556}") = "Studying-Csharp", "Studying-Csharp\Studying-Csharp.csproj", "{51165C1F-72A7-4B8A-9B0C-D47EBDFFBAC8}"
EndProject
Global
	GlobalSection(SolutionConfigurationPlatforms) = preSolution
		Debug|Any CPU = Debug|Any CPU
		Release|Any CPU = Release|Any CPU
	EndGlobalSection
	GlobalSection(ProjectConfigurationPlatforms) = postSolution
		{9541B0DC-7D29-4C72-8C38-9DDE0B207B4F}.Debug|Any CPU.ActiveCfg = Debug|Any CPU
		{9541B0DC-7D29-4C72-8C38-9DDE0B207B4F}.Debug|Any CPU.Build.0 = Debug|Any CPU
		{9541B0DC-7D29-4C72-8C38-9DDE0B207B4F}.Release|Any CPU.ActiveCfg = Release|Any CPU
		{9541B0DC-7D29-4C72-8C38-9DDE0B207B4F}.Release|Any CPU.Build.0 = Release|Any CPU
		{51165C1F-72A7-4B8A-9B0C-D47EBDFFBAC8}.Debug|Any CPU.ActiveCfg = Debug|Any CPU
		{51165C1F-72A7-4B8A-9B0C-D47EBDFFBAC8}.Debug|Any CPU.Build.0 = Debug|Any CPU
		{51165C1F-72A7-4B8A-9B0C-D47EBDFFBAC8}.Release|Any CPU.ActiveCfg = Release|Any CPU
		{51165C1F-72A7-4B8A-9B0C-D47EBDFFBAC8}.Release|Any CPU.Build.0 = Release|Any CPU
	EndGlobalSection
	GlobalSection(SolutionProperties) = preSolution
		HideSolutionNode = FALSE
	EndGlobalSection
	GlobalSection(ExtensibilityGlobals) = postSolution
		SolutionGuid = {DE904A8F-4B4C-4143-840C-DC20A8D7A673}
	EndGlobalSection
EndGlobal
